
Microsoft Visual Studio Solution File, Format Version 12.00
# Visual Studio Version 16
VisualStudioVersion = 16.0.31025.194
MinimumVisualStudioVersion = 10.0.40219.1
Project("{FAE04EC0-301F-11D3-BF4B-00C04F79EFBC}") = "TH-5_Group-3", "TH-5_Group-3.csproj", "{31D13B28-8BA6-4FE1-BBEE-3421A7A4B27B}"
EndProject
Global
	GlobalSection(SolutionConfigurationPlatforms) = preSolution
		Debug|Any CPU = Debug|Any CPU
		Release|Any CPU = Release|Any CPU
	EndGlobalSection
	GlobalSection(ProjectConfigurationPlatforms) = postSolution
		{31D13B28-8BA6-4FE1-BBEE-3421A7A4B27B}.Debug|Any CPU.ActiveCfg = Debug|Any CPU
		{31D13B28-8BA6-4FE1-BBEE-3421A7A4B27B}.Debug|Any CPU.Build.0 = Debug|Any CPU
		{31D13B28-8BA6-4FE1-BBEE-3421A7A4B27B}.Release|Any CPU.ActiveCfg = Release|Any CPU
		{31D13B28-8BA6-4FE1-BBEE-3421A7A4B27B}.Release|Any CPU.Build.0 = Release|Any CPU
	EndGlobalSection
	GlobalSection(SolutionProperties) = preSolution
		HideSolutionNode = FALSE
	EndGlobalSection
	GlobalSection(ExtensibilityGlobals) = postSolution
		SolutionGuid = {02CE8891-52FC-4FEF-8D01-0E619E5AAE25}
	EndGlobalSection
EndGlobal
